github.com/gorilla/websocket v1.5.3 h1:saDtZ6Pbx/0u+bgYQ3q96pZgCzfhKXGPqt7kZ72aNNg=
github.com/gorilla/websocket v1.5.3/go.mod h1:YR8l580nyteQvAITg2hZ9XVh4b55+EU/adAjf1fMHhE=
golang.org/x/exp v0.0.0-20251009144603-d2f985daa21b h1:18qgiDvlvH7kk8Ioa8Ov+K6xCi0GMvmGfGW0sgd/SYA=
golang.org/x/exp v0.0.0-20251009144603-d2f985daa21b/go.mod h1:j/pmGrbnkbPtQfxEe5D0VQhZC6qKbfKifgD0oM7sR70=
